
Microsoft Visual Studio Solution File, Format Version 12.00
# Visual Studio Version 16
VisualStudioVersion = 16.0.30611.23
MinimumVisualStudioVersion = 10.0.40219.1
Project("{FAE04EC0-301F-11D3-BF4B-00C04F79EFBC}") = "AdventOfCode2", "AdventOfCode2\AdventOfCode2.csproj", "{0BC0F2D0-1A45-41E5-832F-829CEF18FD8A}"
EndProject
Global
	GlobalSection(SolutionConfigurationPlatforms) = preSolution
		Debug|Any CPU = Debug|Any CPU
		Release|Any CPU = Release|Any CPU
	EndGlobalSection
	GlobalSection(ProjectConfigurationPlatforms) = postSolution
		{0BC0F2D0-1A45-41E5-832F-829CEF18FD8A}.Debug|Any CPU.ActiveCfg = Debug|Any CPU
		{0BC0F2D0-1A45-41E5-832F-829CEF18FD8A}.Debug|Any CPU.Build.0 = Debug|Any CPU
		{0BC0F2D0-1A45-41E5-832F-829CEF18FD8A}.Release|Any CPU.ActiveCfg = Release|Any CPU
		{0BC0F2D0-1A45-41E5-832F-829CEF18FD8A}.Release|Any CPU.Build.0 = Release|Any CPU
	EndGlobalSection
	GlobalSection(SolutionProperties) = preSolution
		HideSolutionNode = FALSE
	EndGlobalSection
	GlobalSection(ExtensibilityGlobals) = postSolution
		SolutionGuid = {EC88F2B7-7CA2-499D-B8CA-A032D2C72871}
	EndGlobalSection
EndGlobal
